
Microsoft Visual Studio Solution File, Format Version 12.00
# Visual Studio Version 16
VisualStudioVersion = 16.0.32002.261
MinimumVisualStudioVersion = 10.0.40219.1
Project("{FAE04EC0-301F-11D3-BF4B-00C04F79EFBC}") = "OUTLIER_bhaptics", "OUTLIER_bhaptics.csproj", "{6B3C3D7C-674A-4FD0-9F23-F0BEBD371AB3}"
EndProject
Global
	GlobalSection(SolutionConfigurationPlatforms) = preSolution
		Debug|Any CPU = Debug|Any CPU
		Release|Any CPU = Release|Any CPU
	EndGlobalSection
	GlobalSection(ProjectConfigurationPlatforms) = postSolution
		{6B3C3D7C-674A-4FD0-9F23-F0BEBD371AB3}.Debug|Any CPU.ActiveCfg = Debug|Any CPU
		{6B3C3D7C-674A-4FD0-9F23-F0BEBD371AB3}.Debug|Any CPU.Build.0 = Debug|Any CPU
		{6B3C3D7C-674A-4FD0-9F23-F0BEBD371AB3}.Release|Any CPU.ActiveCfg = Release|Any CPU
		{6B3C3D7C-674A-4FD0-9F23-F0BEBD371AB3}.Release|Any CPU.Build.0 = Release|Any CPU
	EndGlobalSection
	GlobalSection(SolutionProperties) = preSolution
		HideSolutionNode = FALSE
	EndGlobalSection
	GlobalSection(ExtensibilityGlobals) = postSolution
		SolutionGuid = {F466F6DD-549D-4254-867B-309448F4D067}
	EndGlobalSection
EndGlobal
